
Microsoft Visual Studio Solution File, Format Version 12.00
# Visual Studio 2013
VisualStudioVersion = 12.0.31101.0
MinimumVisualStudioVersion = 10.0.40219.1
Project("{FAE04EC0-301F-11D3-BF4B-00C04F79EFBC}") = "AWSample", "AWSample\AWSample.csproj", "{68850E4E-3A11-4D76-A83C-D0D8648DCEA7}"
EndProject
Project("{FAE04EC0-301F-11D3-BF4B-00C04F79EFBC}") = "AWSample.Domain", "AWSample.Domain\AWSample.Domain.csproj", "{8AA6A1C3-4AA4-4715-B8FD-4AF36836516E}"
EndProject
Project("{FAE04EC0-301F-11D3-BF4B-00C04F79EFBC}") = "AWSample.EF", "AWSample.EF\AWSample.EF.csproj", "{458B09A0-267E-414E-9F0C-14B344C8A36D}"
EndProject
Project("{FAE04EC0-301F-11D3-BF4B-00C04F79EFBC}") = "AWSample.EF.POCO", "AWSample.EF.POCO\AWSample.EF.POCO.csproj", "{EFABB92C-7051-457C-9D9A-A9AE2F725F31}"
EndProject
Project("{2150E333-8FDC-42A3-9474-1A3956D46DE8}") = "EF", "EF", "{C6FCC3A3-F871-44BA-B3B1-E7FDDF28F35D}"
EndProject
Project("{FAE04EC0-301F-11D3-BF4B-00C04F79EFBC}") = "AWSample.EF.Contexts", "AWSample.EF.Contexts\AWSample.EF.Contexts.csproj", "{6914F704-4A6A-4AA1-9915-388F83324275}"
EndProject
Project("{FAE04EC0-301F-11D3-BF4B-00C04F79EFBC}") = "AWSample.AutoMappings", "AWSample.AutoMappings\AWSample.AutoMappings.csproj", "{54010051-05CE-4470-AD1E-045B57C3E804}"
EndProject
Project("{FAE04EC0-301F-11D3-BF4B-00C04F79EFBC}") = "AWSample.PersonService", "AWSample.PersonService\AWSample.PersonService.csproj", "{919FD2A4-3749-4EA6-9AD0-DFC864B35143}"
EndProject
Project("{FAE04EC0-301F-11D3-BF4B-00C04F79EFBC}") = "AWSample.PersonRepository", "AWSample.PersonRepository\AWSample.PersonRepository.csproj", "{933572E6-C166-4ED9-9847-F6DCF8009CC8}"
EndProject
Project("{FAE04EC0-301F-11D3-BF4B-00C04F79EFBC}") = "AWSample.IntegrationTests", "AWSample.IntegrationTests\AWSample.IntegrationTests.csproj", "{EAEF8D42-19B1-4ED5-9C4B-A0CDD511C9AB}"
EndProject
Project("{FAE04EC0-301F-11D3-BF4B-00C04F79EFBC}") = "AWSample.UnitTests", "AWSample.UnitTests\AWSample.UnitTests.csproj", "{7B04001B-0F85-4263-A5FA-3E1E91F42DA1}"
EndProject
Project("{FAE04EC0-301F-11D3-BF4B-00C04F79EFBC}") = "XpressionMapper", "XpressionMapper\XpressionMapper.csproj", "{5C57A852-72E4-474F-94E0-85039866CF44}"
EndProject
Project("{FAE04EC0-301F-11D3-BF4B-00C04F79EFBC}") = "XpressionMapper.Tests", "XpressionMapper.Tests\XpressionMapper.Tests.csproj", "{5AED8072-4BE6-4217-AE2D-A23D014976F8}"
EndProject
Project("{2150E333-8FDC-42A3-9474-1A3956D46DE8}") = "SampleCode", "SampleCode", "{34B0A6A7-EEA6-461D-856D-8175CA3862B2}"
EndProject
Global
	GlobalSection(SolutionConfigurationPlatforms) = preSolution
		Debug|Any CPU = Debug|Any CPU
		Release|Any CPU = Release|Any CPU
	EndGlobalSection
	GlobalSection(ProjectConfigurationPlatforms) = postSolution
		{68850E4E-3A11-4D76-A83C-D0D8648DCEA7}.Debug|Any CPU.ActiveCfg = Debug|Any CPU
		{68850E4E-3A11-4D76-A83C-D0D8648DCEA7}.Debug|Any CPU.Build.0 = Debug|Any CPU
		{68850E4E-3A11-4D76-A83C-D0D8648DCEA7}.Release|Any CPU.ActiveCfg = Release|Any CPU
		{68850E4E-3A11-4D76-A83C-D0D8648DCEA7}.Release|Any CPU.Build.0 = Release|Any CPU
		{8AA6A1C3-4AA4-4715-B8FD-4AF36836516E}.Debug|Any CPU.ActiveCfg = Debug|Any CPU
		{8AA6A1C3-4AA4-4715-B8FD-4AF36836516E}.Debug|Any CPU.Build.0 = Debug|Any CPU
		{8AA6A1C3-4AA4-4715-B8FD-4AF36836516E}.Release|Any CPU.ActiveCfg = Release|Any CPU
		{8AA6A1C3-4AA4-4715-B8FD-4AF36836516E}.Release|Any CPU.Build.0 = Release|Any CPU
		{458B09A0-267E-414E-9F0C-14B344C8A36D}.Debug|Any CPU.ActiveCfg = Debug|Any CPU
		{458B09A0-267E-414E-9F0C-14B344C8A36D}.Debug|Any CPU.Build.0 = Debug|Any CPU
		{458B09A0-267E-414E-9F0C-14B344C8A36D}.Release|Any CPU.ActiveCfg = Release|Any CPU
		{458B09A0-267E-414E-9F0C-14B344C8A36D}.Release|Any CPU.Build.0 = Release|Any CPU
		{EFABB92C-7051-457C-9D9A-A9AE2F725F31}.Debug|Any CPU.ActiveCfg = Debug|Any CPU
		{EFABB92C-7051-457C-9D9A-A9AE2F725F31}.Debug|Any CPU.Build.0 = Debug|Any CPU
		{EFABB92C-7051-457C-9D9A-A9AE2F725F31}.Release|Any CPU.ActiveCfg = Release|Any CPU
		{EFABB92C-7051-457C-9D9A-A9AE2F725F31}.Release|Any CPU.Build.0 = Release|Any CPU
		{6914F704-4A6A-4AA1-9915-388F83324275}.Debug|Any CPU.ActiveCfg = Debug|Any CPU
		{6914F704-4A6A-4AA1-9915-388F83324275}.Debug|Any CPU.Build.0 = Debug|Any CPU
		{6914F704-4A6A-4AA1-9915-388F83324275}.Release|Any CPU.ActiveCfg = Release|Any CPU
		{6914F704-4A6A-4AA1-9915-388F83324275}.Release|Any CPU.Build.0 = Release|Any CPU
		{54010051-05CE-4470-AD1E-045B57C3E804}.Debug|Any CPU.ActiveCfg = Debug|Any CPU
		{54010051-05CE-4470-AD1E-045B57C3E804}.Debug|Any CPU.Build.0 = Debug|Any CPU
		{54010051-05CE-4470-AD1E-045B57C3E804}.Release|Any CPU.ActiveCfg = Release|Any CPU
		{54010051-05CE-4470-AD1E-045B57C3E804}.Release|Any CPU.Build.0 = Release|Any CPU
		{919FD2A4-3749-4EA6-9AD0-DFC864B35143}.Debug|Any CPU.ActiveCfg = Debug|Any CPU
		{919FD2A4-3749-4EA6-9AD0-DFC864B35143}.Debug|Any CPU.Build.0 = Debug|Any CPU
		{919FD2A4-3749-4EA6-9AD0-DFC864B35143}.Release|Any CPU.ActiveCfg = Release|Any CPU
		{919FD2A4-3749-4EA6-9AD0-DFC864B35143}.Release|Any CPU.Build.0 = Release|Any CPU
		{933572E6-C166-4ED9-9847-F6DCF8009CC8}.Debug|Any CPU.ActiveCfg = Debug|Any CPU
		{933572E6-C166-4ED9-9847-F6DCF8009CC8}.Debug|Any CPU.Build.0 = Debug|Any CPU
		{933572E6-C166-4ED9-9847-F6DCF8009CC8}.Release|Any CPU.ActiveCfg = Release|Any CPU
		{933572E6-C166-4ED9-9847-F6DCF8009CC8}.Release|Any CPU.Build.0 = Release|Any CPU
		{EAEF8D42-19B1-4ED5-9C4B-A0CDD511C9AB}.Debug|Any CPU.ActiveCfg = Debug|Any CPU
		{EAEF8D42-19B1-4ED5-9C4B-A0CDD511C9AB}.Debug|Any CPU.Build.0 = Debug|Any CPU
		{EAEF8D42-19B1-4ED5-9C4B-A0CDD511C9AB}.Release|Any CPU.ActiveCfg = Release|Any CPU
		{EAEF8D42-19B1-4ED5-9C4B-A0CDD511C9AB}.Release|Any CPU.Build.0 = Release|Any CPU
		{7B04001B-0F85-4263-A5FA-3E1E91F42DA1}.Debug|Any CPU.ActiveCfg = Debug|Any CPU
		{7B04001B-0F85-4263-A5FA-3E1E91F42DA1}.Debug|Any CPU.Build.0 = Debug|Any CPU
		{7B04001B-0F85-4263-A5FA-3E1E91F42DA1}.Release|Any CPU.ActiveCfg = Release|Any CPU
		{7B04001B-0F85-4263-A5FA-3E1E91F42DA1}.Release|Any CPU.Build.0 = Release|Any CPU
		{5C57A852-72E4-474F-94E0-85039866CF44}.Debug|Any CPU.ActiveCfg = Debug|Any CPU
		{5C57A852-72E4-474F-94E0-85039866CF44}.Debug|Any CPU.Build.0 = Debug|Any CPU
		{5C57A852-72E4-474F-94E0-85039866CF44}.Release|Any CPU.ActiveCfg = Release|Any CPU
		{5C57A852-72E4-474F-94E0-85039866CF44}.Release|Any CPU.Build.0 = Release|Any CPU
		{5AED8072-4BE6-4217-AE2D-A23D014976F8}.Debug|Any CPU.ActiveCfg = Debug|Any CPU
		{5AED8072-4BE6-4217-AE2D-A23D014976F8}.Debug|Any CPU.Build.0 = Debug|Any CPU
		{5AED8072-4BE6-4217-AE2D-A23D014976F8}.Release|Any CPU.ActiveCfg = Release|Any CPU
		{5AED8072-4BE6-4217-AE2D-A23D014976F8}.Release|Any CPU.Build.0 = Release|Any CPU
	EndGlobalSection
	GlobalSection(SolutionProperties) = preSolution
		HideSolutionNode = FALSE
	EndGlobalSection
	GlobalSection(NestedProjects) = preSolution
		{68850E4E-3A11-4D76-A83C-D0D8648DCEA7} = {34B0A6A7-EEA6-461D-856D-8175CA3862B2}
		{8AA6A1C3-4AA4-4715-B8FD-4AF36836516E} = {34B0A6A7-EEA6-461D-856D-8175CA3862B2}
		{458B09A0-267E-414E-9F0C-14B344C8A36D} = {C6FCC3A3-F871-44BA-B3B1-E7FDDF28F35D}
		{EFABB92C-7051-457C-9D9A-A9AE2F725F31} = {C6FCC3A3-F871-44BA-B3B1-E7FDDF28F35D}
		{C6FCC3A3-F871-44BA-B3B1-E7FDDF28F35D} = {34B0A6A7-EEA6-461D-856D-8175CA3862B2}
		{6914F704-4A6A-4AA1-9915-388F83324275} = {C6FCC3A3-F871-44BA-B3B1-E7FDDF28F35D}
		{54010051-05CE-4470-AD1E-045B57C3E804} = {34B0A6A7-EEA6-461D-856D-8175CA3862B2}
		{919FD2A4-3749-4EA6-9AD0-DFC864B35143} = {34B0A6A7-EEA6-461D-856D-8175CA3862B2}
		{933572E6-C166-4ED9-9847-F6DCF8009CC8} = {34B0A6A7-EEA6-461D-856D-8175CA3862B2}
		{EAEF8D42-19B1-4ED5-9C4B-A0CDD511C9AB} = {34B0A6A7-EEA6-461D-856D-8175CA3862B2}
		{7B04001B-0F85-4263-A5FA-3E1E91F42DA1} = {34B0A6A7-EEA6-461D-856D-8175CA3862B2}
	EndGlobalSection
EndGlobal
